// !$*UTF8*$!
{
	archiveVersion = 1;
	classes = {
	};
	objectVersion = 50;
	objects = {

/* Begin PBXBuildFile section */
		786A4AE12621E1E2003C5AD8 /* AppDelegate.swift in Sources */ = {isa = PBXBuildFile; fileRef = 786A4AE02621E1E2003C5AD8 /* AppDelegate.swift */; };
		786A4AE82621E1E2003C5AD8 /* Main.storyboard in Resources */ = {isa = PBXBuildFile; fileRef = 786A4AE62621E1E2003C5AD8 /* Main.storyboard */; };
		786A4AEA2621E1E2003C5AD8 /* Assets.xcassets in Resources */ = {isa = PBXBuildFile; fileRef = 786A4AE92621E1E2003C5AD8 /* Assets.xcassets */; };
		786A4AED2621E1E2003C5AD8 /* LaunchScreen.storyboard in Resources */ = {isa = PBXBuildFile; fileRef = 786A4AEB2621E1E2003C5AD8 /* LaunchScreen.storyboard */; };
		786A4AF82621E1E2003C5AD8 /* cleaning_ios_appTests.swift in Sources */ = {isa = PBXBuildFile; fileRef = 786A4AF72621E1E2003C5AD8 /* cleaning_ios_appTests.swift */; };
/* End PBXBuildFile section */

/* Begin PBXContainerItemProxy section */
		786A4AF42621E1E2003C5AD8 /* PBXContainerItemProxy */ = {
			isa = PBXContainerItemProxy;
			containerPortal = 786A4AD52621E1E2003C5AD8 /* Project object */;
			proxyType = 1;
			remoteGlobalIDString = 786A4ADC2621E1E2003C5AD8;
			remoteInfo = "cleaning-ios-app";
		};
/* End PBXContainerItemProxy section */

/* Begin PBXFileReference section */
		786A4ADD2621E1E2003C5AD8 /* cleaning-ios-app.app */ = {isa = PBXFileReference; explicitFileType = wrapper.application; includeInIndex = 0; path = "cleaning-ios-app.app"; sourceTree = BUILT_PRODUCTS_DIR; };
		786A4AE02621E1E2003C5AD8 /* AppDelegate.swift */ = {isa = PBXFileReference; lastKnownFileType = sourcecode.swift; path = AppDelegate.swift; sourceTree = "<group>"; };
		786A4AE72621E1E2003C5AD8 /* Base */ = {isa = PBXFileReference; lastKnownFileType = file.storyboard; name = Base; path = Base.lproj/Main.storyboard; sourceTree = "<group>"; };
		786A4AE92621E1E2003C5AD8 /* Assets.xcassets */ = {isa = PBXFileReference; lastKnownFileType = folder.assetcatalog; path = Assets.xcassets; sourceTree = "<group>"; };
		786A4AEC2621E1E2003C5AD8 /* Base */ = {isa = PBXFileReference; lastKnownFileType = file.storyboard; name = Base; path = Base.lproj/LaunchScreen.storyboard; sourceTree = "<group>"; };
		786A4AEE2621E1E2003C5AD8 /* Info.plist */ = {isa = PBXFileReference; lastKnownFileType = text.plist.xml; path = Info.plist; sourceTree = "<group>"; };
		786A4AF32621E1E2003C5AD8 /* cleaning-ios-appTests.xctest */ = {isa = PBXFileReference; explicitFileType = wrapper.cfbundle; includeInIndex = 0; path = "cleaning-ios-appTests.xctest"; sourceTree = BUILT_PRODUCTS_DIR; };
		786A4AF72621E1E2003C5AD8 /* cleaning_ios_appTests.swift */ = {isa = PBXFileReference; lastKnownFileType = sourcecode.swift; path = cleaning_ios_appTests.swift; sourceTree = "<group>"; };
		786A4AF92621E1E2003C5AD8 /* Info.plist */ = {isa = PBXFileReference; lastKnownFileType = text.plist.xml; path = Info.plist; sourceTree = "<group>"; };
		786A4B022621E1E2003C5AD8 /* cleaning_ios_appUITests.swift */ = {isa = PBXFileReference; lastKnownFileType = sourcecode.swift; path = cleaning_ios_appUITests.swift; sourceTree = "<group>"; };
		786A4B042621E1E2003C5AD8 /* Info.plist */ = {isa = PBXFileReference; lastKnownFileType = text.plist.xml; path = Info.plist; sourceTree = "<group>"; };
/* End PBXFileReference section */

/* Begin PBXFrameworksBuildPhase section */
		786A4ADA2621E1E2003C5AD8 /* Frameworks */ = {
			isa = PBXFrameworksBuildPhase;
			buildActionMask = 2147483647;
			files = (
			);
			runOnlyForDeploymentPostprocessing = 0;
		};
		786A4AF02621E1E2003C5AD8 /* Frameworks */ = {
			isa = PBXFrameworksBuildPhase;
			buildActionMask = 2147483647;
			files = (
			);
			runOnlyForDeploymentPostprocessing = 0;
		};
/* End PBXFrameworksBuildPhase section */

/* Begin PBXGroup section */
		786A4AD42621E1E2003C5AD8 = {
			isa = PBXGroup;
			children = (
				786A4ADF2621E1E2003C5AD8 /* cleaning-ios-app */,
				786A4AF62621E1E2003C5AD8 /* cleaning-ios-appTests */,
				786A4B012621E1E2003C5AD8 /* cleaning-ios-appUITests */,
				786A4ADE2621E1E2003C5AD8 /* Products */,
			);
			sourceTree = "<group>";
		};
		786A4ADE2621E1E2003C5AD8 /* Products */ = {
			isa = PBXGroup;
			children = (
				786A4ADD2621E1E2003C5AD8 /* cleaning-ios-app.app */,
				786A4AF32621E1E2003C5AD8 /* cleaning-ios-appTests.xctest */,
			);
			name = Products;
			sourceTree = "<group>";
		};
		786A4ADF2621E1E2003C5AD8 /* cleaning-ios-app */ = {
			isa = PBXGroup;
			children = (
				786A4AE02621E1E2003C5AD8 /* AppDelegate.swift */,
				786A4AE62621E1E2003C5AD8 /* Main.storyboard */,
				786A4AE92621E1E2003C5AD8 /* Assets.xcassets */,
				786A4AEB2621E1E2003C5AD8 /* LaunchScreen.storyboard */,
				786A4AEE2621E1E2003C5AD8 /* Info.plist */,
			);
			path = "cleaning-ios-app";
			sourceTree = "<group>";
		};
		786A4AF62621E1E2003C5AD8 /* cleaning-ios-appTests */ = {
			isa = PBXGroup;
			children = (
				786A4AF72621E1E2003C5AD8 /* cleaning_ios_appTests.swift */,
				786A4AF92621E1E2003C5AD8 /* Info.plist */,
			);
			path = "cleaning-ios-appTests";
			sourceTree = "<group>";
		};
		786A4B012621E1E2003C5AD8 /* cleaning-ios-appUITests */ = {
			isa = PBXGroup;
			children = (
				786A4B022621E1E2003C5AD8 /* cleaning_ios_appUITests.swift */,
				786A4B042621E1E2003C5AD8 /* Info.plist */,
			);
			path = "cleaning-ios-appUITests";
			sourceTree = "<group>";
		};
/* End PBXGroup section */

/* Begin PBXNativeTarget section */
		786A4ADC2621E1E2003C5AD8 /* cleaning-ios-app */ = {
			isa = PBXNativeTarget;
			buildConfigurationList = 786A4B072621E1E2003C5AD8 /* Build configuration list for PBXNativeTarget "cleaning-ios-app" */;
			buildPhases = (
				786A4AD92621E1E2003C5AD8 /* Sources */,
				786A4ADA2621E1E2003C5AD8 /* Frameworks */,
				786A4ADB2621E1E2003C5AD8 /* Resources */,
			);
			buildRules = (
			);
			dependencies = (
			);
			name = "cleaning-ios-app";
			productName = "cleaning-ios-app";
			productReference = 786A4ADD2621E1E2003C5AD8 /* cleaning-ios-app.app */;
			productType = "com.apple.product-type.application";
		};
		786A4AF22621E1E2003C5AD8 /* cleaning-ios-appTests */ = {
			isa = PBXNativeTarget;
			buildConfigurationList = 786A4B0A2621E1E2003C5AD8 /* Build configuration list for PBXNativeTarget "cleaning-ios-appTests" */;
			buildPhases = (
				786A4AEF2621E1E2003C5AD8 /* Sources */,
				786A4AF02621E1E2003C5AD8 /* Frameworks */,
				786A4AF12621E1E2003C5AD8 /* Resources */,
			);
			buildRules = (
			);
			dependencies = (
				786A4AF52621E1E2003C5AD8 /* PBXTargetDependency */,
			);
			name = "cleaning-ios-appTests";
			productName = "cleaning-ios-appTests";
			productReference = 786A4AF32621E1E2003C5AD8 /* cleaning-ios-appTests.xctest */;
			productType = "com.apple.product-type.bundle.unit-test";
		};
/* End PBXNativeTarget section */

/* Begin PBXProject section */
		786A4AD52621E1E2003C5AD8 /* Project object */ = {
			isa = PBXProject;
			attributes = {
				LastSwiftUpdateCheck = 1240;
				LastUpgradeCheck = 1240;
				TargetAttributes = {
					786A4ADC2621E1E2003C5AD8 = {
						CreatedOnToolsVersion = 12.4;
					};
					786A4AF22621E1E2003C5AD8 = {
						CreatedOnToolsVersion = 12.4;
						TestTargetID = 786A4ADC2621E1E2003C5AD8;
					};
				};
			};
			buildConfigurationList = 786A4AD82621E1E2003C5AD8 /* Build configuration list for PBXProject "cleaning-ios-app" */;
			compatibilityVersion = "Xcode 9.3";
			developmentRegion = en;
			hasScannedForEncodings = 0;
			knownRegions = (
				en,
				Base,
			);
			mainGroup = 786A4AD42621E1E2003C5AD8;
			productRefGroup = 786A4ADE2621E1E2003C5AD8 /* Products */;
			projectDirPath = "";
			projectRoot = "";
			targets = (
				786A4ADC2621E1E2003C5AD8 /* cleaning-ios-app */,
				786A4AF22621E1E2003C5AD8 /* cleaning-ios-appTests */,
			);
		};
/* End PBXProject section */

/* Begin PBXResourcesBuildPhase section */
		786A4ADB2621E1E2003C5AD8 /* Resources */ = {
			isa = PBXResourcesBuildPhase;
			buildActionMask = 2147483647;
			files = (
				786A4AED2621E1E2003C5AD8 /* LaunchScreen.storyboard in Resources */,
				786A4AEA2621E1E2003C5AD8 /* Assets.xcassets in Resources */,
				786A4AE82621E1E2003C5AD8 /* Main.storyboard in Resources */,
			);
			runOnlyForDeploymentPostprocessing = 0;
		};
		786A4AF12621E1E2003C5AD8 /* Resources */ = {
			isa = PBXResourcesBuildPhase;
			buildActionMask = 2147483647;
			files = (
			);
			runOnlyForDeploymentPostprocessing = 0;
		};
/* End PBXResourcesBuildPhase section */

/* Begin PBXSourcesBuildPhase section */
		786A4AD92621E1E2003C5AD8 /* Sources */ = {
			isa = PBXSourcesBuildPhase;
			buildActionMask = 2147483647;
			files = (
				786A4AE12621E1E2003C5AD8 /* AppDelegate.swift in Sources */,
			);
			runOnlyForDeploymentPostprocessing = 0;
		};
		786A4AEF2621E1E2003C5AD8 /* Sources */ = {
			isa = PBXSourcesBuildPhase;
			buildActionMask = 2147483647;
			files = (
				786A4AF82621E1E2003C5AD8 /* cleaning_ios_appTests.swift in Sources */,
			);
			runOnlyForDeploymentPostprocessing = 0;
		};
/* End PBXSourcesBuildPhase section */

/* Begin PBXTargetDependency section */
		786A4AF52621E1E2003C5AD8 /* PBXTargetDependency */ = {
			isa = PBXTargetDependency;
			target = 786A4ADC2621E1E2003C5AD8 /* cleaning-ios-app */;
			targetProxy = 786A4AF42621E1E2003C5AD8 /* PBXContainerItemProxy */;
		};
/* End PBXTargetDependency section */

/* Begin PBXVariantGroup section */
		786A4AE62621E1E2003C5AD8 /* Main.storyboard */ = {
			isa = PBXVariantGroup;
			children = (
				786A4AE72621E1E2003C5AD8 /* Base */,
			);
			name = Main.storyboard;
			sourceTree = "<group>";
		};
		786A4AEB2621E1E2003C5AD8 /* LaunchScreen.storyboard */ = {
			isa = PBXVariantGroup;
			children = (
				786A4AEC2621E1E2003C5AD8 /* Base */,
			);
			name = LaunchScreen.storyboard;
			sourceTree = "<group>";
		};
/* End PBXVariantGroup section */

/* Begin XCBuildConfiguration section */
		786A4B052621E1E2003C5AD8 /* Debug */ = {
			isa = XCBuildConfiguration;
			buildSettings = {
				ALWAYS_SEARCH_USER_PATHS = NO;
				CLANG_ANALYZER_NONNULL = YES;
				CLANG_ANALYZER_NUMBER_OBJECT_CONVERSION = YES_AGGRESSIVE;
				CLANG_CXX_LANGUAGE_STANDARD = "gnu++14";
				CLANG_CXX_LIBRARY = "libc++";
				CLANG_ENABLE_MODULES = YES;
				CLANG_ENABLE_OBJC_ARC = YES;
				CLANG_ENABLE_OBJC_WEAK = YES;
				CLANG_WARN_BLOCK_CAPTURE_AUTORELEASING = YES;
				CLANG_WARN_BOOL_CONVERSION = YES;
				CLANG_WARN_COMMA = YES;
				CLANG_WARN_CONSTANT_CONVERSION = YES;
				CLANG_WARN_DEPRECATED_OBJC_IMPLEMENTATIONS = YES;
				CLANG_WARN_DIRECT_OBJC_ISA_USAGE = YES_ERROR;
				CLANG_WARN_DOCUMENTATION_COMMENTS = YES;
				CLANG_WARN_EMPTY_BODY = YES;
				CLANG_WARN_ENUM_CONVERSION = YES;
				CLANG_WARN_INFINITE_RECURSION = YES;
				CLANG_WARN_INT_CONVERSION = YES;
				CLANG_WARN_NON_LITERAL_NULL_CONVERSION = YES;
				CLANG_WARN_OBJC_IMPLICIT_RETAIN_SELF = YES;
				CLANG_WARN_OBJC_LITERAL_CONVERSION = YES;
				CLANG_WARN_OBJC_ROOT_CLASS = YES_ERROR;
				CLANG_WARN_QUOTED_INCLUDE_IN_FRAMEWORK_HEADER = YES;
				CLANG_WARN_RANGE_LOOP_ANALYSIS = YES;
				CLANG_WARN_STRICT_PROTOTYPES = YES;
				CLANG_WARN_SUSPICIOUS_MOVE = YES;
				CLANG_WARN_UNGUARDED_AVAILABILITY = YES_AGGRESSIVE;
				CLANG_WARN_UNREACHABLE_CODE = YES;
				CLANG_WARN__DUPLICATE_METHOD_MATCH = YES;
				COPY_PHASE_STRIP = NO;
				DEBUG_INFORMATION_FORMAT = dwarf;
				ENABLE_STRICT_OBJC_MSGSEND = YES;
				ENABLE_TESTABILITY = YES;
				GCC_C_LANGUAGE_STANDARD = gnu11;
				GCC_DYNAMIC_NO_PIC = NO;
				GCC_NO_COMMON_BLOCKS = YES;
				GCC_OPTIMIZATION_LEVEL = 0;
				GCC_PREPROCESSOR_DEFINITIONS = (
					"DEBUG=1",
					"$(inherited)",
				);
				GCC_WARN_64_TO_32_BIT_CONVERSION = YES;
				GCC_WARN_ABOUT_RETURN_TYPE = YES_ERROR;
				GCC_WARN_UNDECLARED_SELECTOR = YES;
				GCC_WARN_UNINITIALIZED_AUTOS = YES_AGGRESSIVE;
				GCC_WARN_UNUSED_FUNCTION = YES;
				GCC_WARN_UNUSED_VARIABLE = YES;
				IPHONEOS_DEPLOYMENT_TARGET = 13.0;
				MTL_ENABLE_DEBUG_INFO = INCLUDE_SOURCE;
				MTL_FAST_MATH = YES;
				ONLY_ACTIVE_ARCH = YES;
				SDKROOT = iphoneos;
				SWIFT_ACTIVE_COMPILATION_CONDITIONS = DEBUG;
				SWIFT_OPTIMIZATION_LEVEL = "-Onone";
			};
			name = Debug;
		};
		786A4B062621E1E2003C5AD8 /* Release */ = {
			isa = XCBuildConfiguration;
			buildSettings = {
				ALWAYS_SEARCH_USER_PATHS = NO;
				CLANG_ANALYZER_NONNULL = YES;
				CLANG_ANALYZER_NUMBER_OBJECT_CONVERSION = YES_AGGRESSIVE;
				CLANG_CXX_LANGUAGE_STANDARD = "gnu++14";
				CLANG_CXX_LIBRARY = "libc++";
				CLANG_ENABLE_MODULES = YES;
				CLANG_ENABLE_OBJC_ARC = YES;
				CLANG_ENABLE_OBJC_WEAK = YES;
				CLANG_WARN_BLOCK_CAPTURE_AUTORELEASING = YES;
				CLANG_WARN_BOOL_CONVERSION = YES;
				CLANG_WARN_COMMA = YES;
				CLANG_WARN_CONSTANT_CONVERSION = YES;
				CLANG_WARN_DEPRECATED_OBJC_IMPLEMENTATIONS = YES;
				CLANG_WARN_DIRECT_OBJC_ISA_USAGE = YES_ERROR;
				CLANG_WARN_DOCUMENTATION_COMMENTS = YES;
				CLANG_WARN_EMPTY_BODY = YES;
				CLANG_WARN_ENUM_CONVERSION = YES;
				CLANG_WARN_INFINITE_RECURSION = YES;
				CLANG_WARN_INT_CONVERSION = YES;
				CLANG_WARN_NON_LITERAL_NULL_CONVERSION = YES;
				CLANG_WARN_OBJC_IMPLICIT_RETAIN_SELF = YES;
				CLANG_WARN_OBJC_LITERAL_CONVERSION = YES;
				CLANG_WARN_OBJC_ROOT_CLASS = YES_ERROR;
				CLANG_WARN_QUOTED_INCLUDE_IN_FRAMEWORK_HEADER = YES;
				CLANG_WARN_RANGE_LOOP_ANALYSIS = YES;
				CLANG_WARN_STRICT_PROTOTYPES = YES;
				CLANG_WARN_SUSPICIOUS_MOVE = YES;
				CLANG_WARN_UNGUARDED_AVAILABILITY = YES_AGGRESSIVE;
				CLANG_WARN_UNREACHABLE_CODE = YES;
				CLANG_WARN__DUPLICATE_METHOD_MATCH = YES;
				COPY_PHASE_STRIP = NO;
				DEBUG_INFORMATION_FORMAT = "dwarf-with-dsym";
				ENABLE_NS_ASSERTIONS = NO;
				ENABLE_STRICT_OBJC_MSGSEND = YES;
				GCC_C_LANGUAGE_STANDARD = gnu11;
				GCC_NO_COMMON_BLOCKS = YES;
				GCC_WARN_64_TO_32_BIT_CONVERSION = YES;
				GCC_WARN_ABOUT_RETURN_TYPE = YES_ERROR;
				GCC_WARN_UNDECLARED_SELECTOR = YES;
				GCC_WARN_UNINITIALIZED_AUTOS = YES_AGGRESSIVE;
				GCC_WARN_UNUSED_FUNCTION = YES;
				GCC_WARN_UNUSED_VARIABLE = YES;
				IPHONEOS_DEPLOYMENT_TARGET = 13.0;
				MTL_ENABLE_DEBUG_INFO = NO;
				MTL_FAST_MATH = YES;
				SDKROOT = iphoneos;
				SWIFT_COMPILATION_MODE = wholemodule;
				SWIFT_OPTIMIZATION_LEVEL = "-O";
				VALIDATE_PRODUCT = YES;
			};
			name = Release;
		};
		786A4B082621E1E2003C5AD8 /* Debug */ = {
			isa = XCBuildConfiguration;
			buildSettings = {
				ASSETCATALOG_COMPILER_APPICON_NAME = AppIcon;
				ASSETCATALOG_COMPILER_GLOBAL_ACCENT_COLOR_NAME = AccentColor;
				CODE_SIGN_STYLE = Automatic;
				DEVELOPMENT_TEAM = 36UX7SKY3J;
				INFOPLIST_FILE = "cleaning-ios-app/Info.plist";
				LD_RUNPATH_SEARCH_PATHS = (
					"$(inherited)",
					"@executable_path/Frameworks",
				);
				PRODUCT_BUNDLE_IDENTIFIER = "com.cleaning.IgorBaranov.cleaning-ios-app";
				PRODUCT_NAME = "$(TARGET_NAME)";
				SWIFT_VERSION = 5.0;
				TARGETED_DEVICE_FAMILY = 1;
			};
			name = Debug;
		};
		786A4B092621E1E2003C5AD8 /* Release */ = {
			isa = XCBuildConfiguration;
			buildSettings = {
				ASSETCATALOG_COMPILER_APPICON_NAME = AppIcon;
				ASSETCATALOG_COMPILER_GLOBAL_ACCENT_COLOR_NAME = AccentColor;
				CODE_SIGN_STYLE = Automatic;
				DEVELOPMENT_TEAM = 36UX7SKY3J;
				INFOPLIST_FILE = "cleaning-ios-app/Info.plist";
				LD_RUNPATH_SEARCH_PATHS = (
					"$(inherited)",
					"@executable_path/Frameworks",
				);
				PRODUCT_BUNDLE_IDENTIFIER = "com.cleaning.IgorBaranov.cleaning-ios-app";
				PRODUCT_NAME = "$(TARGET_NAME)";
				SWIFT_VERSION = 5.0;
				TARGETED_DEVICE_FAMILY = 1;
			};
			name = Release;
		};
		786A4B0B2621E1E2003C5AD8 /* Debug */ = {
			isa = XCBuildConfiguration;
			buildSettings = {
				ALWAYS_EMBED_SWIFT_STANDARD_LIBRARIES = YES;
				BUNDLE_LOADER = "$(TEST_HOST)";
				CODE_SIGN_STYLE = Automatic;
				DEVELOPMENT_TEAM = 36UX7SKY3J;
				INFOPLIST_FILE = "cleaning-ios-appTests/Info.plist";
				IPHONEOS_DEPLOYMENT_TARGET = 14.4;
				LD_RUNPATH_SEARCH_PATHS = (
					"$(inherited)",
					"@executable_path/Frameworks",
					"@loader_path/Frameworks",
				);
				PRODUCT_BUNDLE_IDENTIFIER = "com.cleaning.IgorBaranov.cleaning-ios-appTests";
				PRODUCT_NAME = "$(TARGET_NAME)";
				SWIFT_VERSION = 5.0;
				TARGETED_DEVICE_FAMILY = "1,2";
				TEST_HOST = "$(BUILT_PRODUCTS_DIR)/cleaning-ios-app.app/cleaning-ios-app";
			};
			name = Debug;
		};
		786A4B0C2621E1E2003C5AD8 /* Release */ = {
			isa = XCBuildConfiguration;
			buildSettings = {
				ALWAYS_EMBED_SWIFT_STANDARD_LIBRARIES = YES;
				BUNDLE_LOADER = "$(TEST_HOST)";
				CODE_SIGN_STYLE = Automatic;
				DEVELOPMENT_TEAM = 36UX7SKY3J;
				INFOPLIST_FILE = "cleaning-ios-appTests/Info.plist";
				IPHONEOS_DEPLOYMENT_TARGET = 14.4;
				LD_RUNPATH_SEARCH_PATHS = (
					"$(inherited)",
					"@executable_path/Frameworks",
					"@loader_path/Frameworks",
				);
				PRODUCT_BUNDLE_IDENTIFIER = "com.cleaning.IgorBaranov.cleaning-ios-appTests";
				PRODUCT_NAME = "$(TARGET_NAME)";
				SWIFT_VERSION = 5.0;
				TARGETED_DEVICE_FAMILY = "1,2";
				TEST_HOST = "$(BUILT_PRODUCTS_DIR)/cleaning-ios-app.app/cleaning-ios-app";
			};
			name = Release;
		};
/* End XCBuildConfiguration section */

/* Begin XCConfigurationList section */
		786A4AD82621E1E2003C5AD8 /* Build configuration list for PBXProject "cleaning-ios-app" */ = {
			isa = XCConfigurationList;
			buildConfigurations = (
				786A4B052621E1E2003C5AD8 /* Debug */,
				786A4B062621E1E2003C5AD8 /* Release */,
			);
			defaultConfigurationIsVisible = 0;
			defaultConfigurationName = Release;
		};
		786A4B072621E1E2003C5AD8 /* Build configuration list for PBXNativeTarget "cleaning-ios-app" */ = {
			isa = XCConfigurationList;
			buildConfigurations = (
				786A4B082621E1E2003C5AD8 /* Debug */,
				786A4B092621E1E2003C5AD8 /* Release */,
			);
			defaultConfigurationIsVisible = 0;
			defaultConfigurationName = Release;
		};
		786A4B0A2621E1E2003C5AD8 /* Build configuration list for PBXNativeTarget "cleaning-ios-appTests" */ = {
			isa = XCConfigurationList;
			buildConfigurations = (
				786A4B0B2621E1E2003C5AD8 /* Debug */,
				786A4B0C2621E1E2003C5AD8 /* Release */,
			);
			defaultConfigurationIsVisible = 0;
			defaultConfigurationName = Release;
		};
/* End XCConfigurationList section */
	};
	rootObject = 786A4AD52621E1E2003C5AD8 /* Project object */;
}
